
Microsoft Visual Studio Solution File, Format Version 12.00
# Visual Studio Version 16
VisualStudioVersion = 16.0.29911.84
MinimumVisualStudioVersion = 10.0.40219.1
Project("{FAE04EC0-301F-11D3-BF4B-00C04F79EFBC}") = "Cnthesizer", "Cnthesizer\Cnthesizer.csproj", "{299F31FE-8156-4FA3-8FF9-518BD1E5C083}"
EndProject
Project("{9A19103F-16F7-4668-BE54-9A1E7A4F7556}") = "CnthesizerTests", "CnthesizerTests\CnthesizerTests.csproj", "{CF63AE0F-66D4-41CD-9178-E19919C684CE}"
EndProject
Global
	GlobalSection(SolutionConfigurationPlatforms) = preSolution
		Debug|Any CPU = Debug|Any CPU
		Release|Any CPU = Release|Any CPU
	EndGlobalSection
	GlobalSection(ProjectConfigurationPlatforms) = postSolution
		{299F31FE-8156-4FA3-8FF9-518BD1E5C083}.Debug|Any CPU.ActiveCfg = Debug|Any CPU
		{299F31FE-8156-4FA3-8FF9-518BD1E5C083}.Debug|Any CPU.Build.0 = Debug|Any CPU
		{299F31FE-8156-4FA3-8FF9-518BD1E5C083}.Release|Any CPU.ActiveCfg = Release|Any CPU
		{299F31FE-8156-4FA3-8FF9-518BD1E5C083}.Release|Any CPU.Build.0 = Release|Any CPU
		{CF63AE0F-66D4-41CD-9178-E19919C684CE}.Debug|Any CPU.ActiveCfg = Debug|Any CPU
		{CF63AE0F-66D4-41CD-9178-E19919C684CE}.Debug|Any CPU.Build.0 = Debug|Any CPU
		{CF63AE0F-66D4-41CD-9178-E19919C684CE}.Release|Any CPU.ActiveCfg = Release|Any CPU
		{CF63AE0F-66D4-41CD-9178-E19919C684CE}.Release|Any CPU.Build.0 = Release|Any CPU
	EndGlobalSection
	GlobalSection(SolutionProperties) = preSolution
		HideSolutionNode = FALSE
	EndGlobalSection
	GlobalSection(ExtensibilityGlobals) = postSolution
		SolutionGuid = {E2743F54-C500-4343-BCA5-CA0D13EE5F37}
	EndGlobalSection
EndGlobal
